
Microsoft Visual Studio Solution File, Format Version 12.00
Project("{2150E333-8FDC-42A3-9474-1A3956D46DE8}") = "src", "src", "{4C8E12C1-44D0-4898-8387-0D6BEC2E5F68}"
EndProject
Project("{2150E333-8FDC-42A3-9474-1A3956D46DE8}") = "Services", "Services", "{10263DA9-AD1B-43A3-8783-C3C35A38FEC4}"
EndProject
Project("{2150E333-8FDC-42A3-9474-1A3956D46DE8}") = "Searching", "Searching", "{4E395A5E-35D4-4F08-BB82-A9CA2C407FF3}"
EndProject
Project("{2150E333-8FDC-42A3-9474-1A3956D46DE8}") = "Post", "Post", "{3274548E-DC8A-403A-9A59-D08885222C0A}"
EndProject
Project("{2150E333-8FDC-42A3-9474-1A3956D46DE8}") = "SecondHand", "SecondHand", "{AF7DDA7E-FD82-4D89-8C60-60434D3EE051}"
EndProject
Project("{2150E333-8FDC-42A3-9474-1A3956D46DE8}") = "Highlight", "Highlight", "{BCCB3FC1-D537-4F15-B36A-5B1E0E45A3B3}"
EndProject
Project("{2150E333-8FDC-42A3-9474-1A3956D46DE8}") = "Service", "Service", "{1FD5947A-EFF3-4237-9BB6-7EBC0415222D}"
EndProject
Project("{FAE04EC0-301F-11D3-BF4B-00C04F79EFBC}") = "Goodnites.Highlight.Api", "src\Services\Highlight\Goodnites.Highlight.Api\Goodnites.Highlight.Api.csproj", "{21625982-EFEA-4909-BD95-6A2DA6DE330F}"
EndProject
Project("{FAE04EC0-301F-11D3-BF4B-00C04F79EFBC}") = "Goodnites.Post.Api", "src\Services\Post\Goodnites.Post.Api\Goodnites.Post.Api.csproj", "{3DE8434B-F56D-4C72-9135-A20BEB0CF343}"
EndProject
Project("{FAE04EC0-301F-11D3-BF4B-00C04F79EFBC}") = "Goodnites.Searching.Api", "src\Services\Searching\Goodnites.Searching.Api\Goodnites.Searching.Api.csproj", "{B89CC619-72BD-45B5-A0E6-C2693B6414F8}"
EndProject
Project("{FAE04EC0-301F-11D3-BF4B-00C04F79EFBC}") = "Goodnites.SecondHand.Api", "src\Services\SecondHand\Goodnites.SecondHand.Api\Goodnites.SecondHand.Api.csproj", "{96D5CC52-FA4A-4C4F-9A5B-8D99E3852174}"
EndProject
Project("{FAE04EC0-301F-11D3-BF4B-00C04F79EFBC}") = "Goodnites.Service.Api", "src\Services\Service\Goodnites.Service.Api\Goodnites.Service.Api.csproj", "{AE60A26C-8A96-45A8-A59C-F7F478C3F16B}"
EndProject
Project("{FAE04EC0-301F-11D3-BF4B-00C04F79EFBC}") = "Goodnites.Highlight.Application", "src\Services\Highlight\Goodnites.Highlight.Application\Goodnites.Highlight.Application.csproj", "{90A70932-AD5A-4307-8591-C49D8978174D}"
EndProject
Project("{FAE04EC0-301F-11D3-BF4B-00C04F79EFBC}") = "Goodnites.Post.Application", "src\Services\Post\Goodnites.Post.Application\Goodnites.Post.Application.csproj", "{B9D45E35-2FAF-4FDF-846B-5E3905660A1C}"
EndProject
Project("{FAE04EC0-301F-11D3-BF4B-00C04F79EFBC}") = "Goodnites.Post.Domain", "src\Services\Post\Goodnites.Post.Domain\Goodnites.Post.Domain.csproj", "{A459E927-B104-4E79-AFD3-B8728E1A70D0}"
EndProject
Project("{FAE04EC0-301F-11D3-BF4B-00C04F79EFBC}") = "Goodnites.Post.Infrastructure", "src\Services\Post\Goodnites.Post.Infrastructure\Goodnites.Post.Infrastructure.csproj", "{333B8000-ED2D-44DC-A0F7-0C236A1EBF95}"
EndProject
Project("{FAE04EC0-301F-11D3-BF4B-00C04F79EFBC}") = "Goodnites.Searching.Application", "src\Services\Searching\Goodnites.Searching.Application\Goodnites.Searching.Application.csproj", "{17EE942B-C947-4801-BDFB-6EB178510362}"
EndProject
Project("{FAE04EC0-301F-11D3-BF4B-00C04F79EFBC}") = "Goodnites.SecondHand.Application", "src\Services\SecondHand\Goodnites.SecondHand.Application\Goodnites.SecondHand.Application.csproj", "{DED7AE4A-E2EC-4B68-997F-B5C55780964A}"
EndProject
Project("{FAE04EC0-301F-11D3-BF4B-00C04F79EFBC}") = "Goodnites.Service.Application", "src\Services\Service\Goodnites.Service.Application\Goodnites.Service.Application.csproj", "{7F5E617F-8BF1-4566-AE25-3E40236CE2B0}"
EndProject
Project("{2150E333-8FDC-42A3-9474-1A3956D46DE8}") = "BuildingBlocks", "BuildingBlocks", "{7C98B062-EE61-4531-B824-4CA75CD5A20E}"
EndProject
Project("{FAE04EC0-301F-11D3-BF4B-00C04F79EFBC}") = "Goodnites.Contracts", "src\BuildingBlocks\Goodnites.Contracts\Goodnites.Contracts.csproj", "{6CFB4204-8099-4EEE-9A54-281C1E57DDFD}"
EndProject
Project("{FAE04EC0-301F-11D3-BF4B-00C04F79EFBC}") = "Goodnites.MassTransit", "src\BuildingBlocks\Goodnites.MassTransit\Goodnites.MassTransit.csproj", "{30256D50-79D7-4419-BD9D-303BDC6DF52F}"
EndProject
Global
	GlobalSection(SolutionConfigurationPlatforms) = preSolution
		Debug|Any CPU = Debug|Any CPU
		Release|Any CPU = Release|Any CPU
	EndGlobalSection
	GlobalSection(ProjectConfigurationPlatforms) = postSolution
		{21625982-EFEA-4909-BD95-6A2DA6DE330F}.Debug|Any CPU.ActiveCfg = Debug|Any CPU
		{21625982-EFEA-4909-BD95-6A2DA6DE330F}.Debug|Any CPU.Build.0 = Debug|Any CPU
		{21625982-EFEA-4909-BD95-6A2DA6DE330F}.Release|Any CPU.ActiveCfg = Release|Any CPU
		{21625982-EFEA-4909-BD95-6A2DA6DE330F}.Release|Any CPU.Build.0 = Release|Any CPU
		{3DE8434B-F56D-4C72-9135-A20BEB0CF343}.Debug|Any CPU.ActiveCfg = Debug|Any CPU
		{3DE8434B-F56D-4C72-9135-A20BEB0CF343}.Debug|Any CPU.Build.0 = Debug|Any CPU
		{3DE8434B-F56D-4C72-9135-A20BEB0CF343}.Release|Any CPU.ActiveCfg = Release|Any CPU
		{3DE8434B-F56D-4C72-9135-A20BEB0CF343}.Release|Any CPU.Build.0 = Release|Any CPU
		{B89CC619-72BD-45B5-A0E6-C2693B6414F8}.Debug|Any CPU.ActiveCfg = Debug|Any CPU
		{B89CC619-72BD-45B5-A0E6-C2693B6414F8}.Debug|Any CPU.Build.0 = Debug|Any CPU
		{B89CC619-72BD-45B5-A0E6-C2693B6414F8}.Release|Any CPU.ActiveCfg = Release|Any CPU
		{B89CC619-72BD-45B5-A0E6-C2693B6414F8}.Release|Any CPU.Build.0 = Release|Any CPU
		{96D5CC52-FA4A-4C4F-9A5B-8D99E3852174}.Debug|Any CPU.ActiveCfg = Debug|Any CPU
		{96D5CC52-FA4A-4C4F-9A5B-8D99E3852174}.Debug|Any CPU.Build.0 = Debug|Any CPU
		{96D5CC52-FA4A-4C4F-9A5B-8D99E3852174}.Release|Any CPU.ActiveCfg = Release|Any CPU
		{96D5CC52-FA4A-4C4F-9A5B-8D99E3852174}.Release|Any CPU.Build.0 = Release|Any CPU
		{AE60A26C-8A96-45A8-A59C-F7F478C3F16B}.Debug|Any CPU.ActiveCfg = Debug|Any CPU
		{AE60A26C-8A96-45A8-A59C-F7F478C3F16B}.Debug|Any CPU.Build.0 = Debug|Any CPU
		{AE60A26C-8A96-45A8-A59C-F7F478C3F16B}.Release|Any CPU.ActiveCfg = Release|Any CPU
		{AE60A26C-8A96-45A8-A59C-F7F478C3F16B}.Release|Any CPU.Build.0 = Release|Any CPU
		{90A70932-AD5A-4307-8591-C49D8978174D}.Debug|Any CPU.ActiveCfg = Debug|Any CPU
		{90A70932-AD5A-4307-8591-C49D8978174D}.Debug|Any CPU.Build.0 = Debug|Any CPU
		{90A70932-AD5A-4307-8591-C49D8978174D}.Release|Any CPU.ActiveCfg = Release|Any CPU
		{90A70932-AD5A-4307-8591-C49D8978174D}.Release|Any CPU.Build.0 = Release|Any CPU
		{B9D45E35-2FAF-4FDF-846B-5E3905660A1C}.Debug|Any CPU.ActiveCfg = Debug|Any CPU
		{B9D45E35-2FAF-4FDF-846B-5E3905660A1C}.Debug|Any CPU.Build.0 = Debug|Any CPU
		{B9D45E35-2FAF-4FDF-846B-5E3905660A1C}.Release|Any CPU.ActiveCfg = Release|Any CPU
		{B9D45E35-2FAF-4FDF-846B-5E3905660A1C}.Release|Any CPU.Build.0 = Release|Any CPU
		{A459E927-B104-4E79-AFD3-B8728E1A70D0}.Debug|Any CPU.ActiveCfg = Debug|Any CPU
		{A459E927-B104-4E79-AFD3-B8728E1A70D0}.Debug|Any CPU.Build.0 = Debug|Any CPU
		{A459E927-B104-4E79-AFD3-B8728E1A70D0}.Release|Any CPU.ActiveCfg = Release|Any CPU
		{A459E927-B104-4E79-AFD3-B8728E1A70D0}.Release|Any CPU.Build.0 = Release|Any CPU
		{333B8000-ED2D-44DC-A0F7-0C236A1EBF95}.Debug|Any CPU.ActiveCfg = Debug|Any CPU
		{333B8000-ED2D-44DC-A0F7-0C236A1EBF95}.Debug|Any CPU.Build.0 = Debug|Any CPU
		{333B8000-ED2D-44DC-A0F7-0C236A1EBF95}.Release|Any CPU.ActiveCfg = Release|Any CPU
		{333B8000-ED2D-44DC-A0F7-0C236A1EBF95}.Release|Any CPU.Build.0 = Release|Any CPU
		{17EE942B-C947-4801-BDFB-6EB178510362}.Debug|Any CPU.ActiveCfg = Debug|Any CPU
		{17EE942B-C947-4801-BDFB-6EB178510362}.Debug|Any CPU.Build.0 = Debug|Any CPU
		{17EE942B-C947-4801-BDFB-6EB178510362}.Release|Any CPU.ActiveCfg = Release|Any CPU
		{17EE942B-C947-4801-BDFB-6EB178510362}.Release|Any CPU.Build.0 = Release|Any CPU
		{DED7AE4A-E2EC-4B68-997F-B5C55780964A}.Debug|Any CPU.ActiveCfg = Debug|Any CPU
		{DED7AE4A-E2EC-4B68-997F-B5C55780964A}.Debug|Any CPU.Build.0 = Debug|Any CPU
		{DED7AE4A-E2EC-4B68-997F-B5C55780964A}.Release|Any CPU.ActiveCfg = Release|Any CPU
		{DED7AE4A-E2EC-4B68-997F-B5C55780964A}.Release|Any CPU.Build.0 = Release|Any CPU
		{7F5E617F-8BF1-4566-AE25-3E40236CE2B0}.Debug|Any CPU.ActiveCfg = Debug|Any CPU
		{7F5E617F-8BF1-4566-AE25-3E40236CE2B0}.Debug|Any CPU.Build.0 = Debug|Any CPU
		{7F5E617F-8BF1-4566-AE25-3E40236CE2B0}.Release|Any CPU.ActiveCfg = Release|Any CPU
		{7F5E617F-8BF1-4566-AE25-3E40236CE2B0}.Release|Any CPU.Build.0 = Release|Any CPU
		{6CFB4204-8099-4EEE-9A54-281C1E57DDFD}.Debug|Any CPU.ActiveCfg = Debug|Any CPU
		{6CFB4204-8099-4EEE-9A54-281C1E57DDFD}.Debug|Any CPU.Build.0 = Debug|Any CPU
		{6CFB4204-8099-4EEE-9A54-281C1E57DDFD}.Release|Any CPU.ActiveCfg = Release|Any CPU
		{6CFB4204-8099-4EEE-9A54-281C1E57DDFD}.Release|Any CPU.Build.0 = Release|Any CPU
		{30256D50-79D7-4419-BD9D-303BDC6DF52F}.Debug|Any CPU.ActiveCfg = Debug|Any CPU
		{30256D50-79D7-4419-BD9D-303BDC6DF52F}.Debug|Any CPU.Build.0 = Debug|Any CPU
		{30256D50-79D7-4419-BD9D-303BDC6DF52F}.Release|Any CPU.ActiveCfg = Release|Any CPU
		{30256D50-79D7-4419-BD9D-303BDC6DF52F}.Release|Any CPU.Build.0 = Release|Any CPU
	EndGlobalSection
	GlobalSection(NestedProjects) = preSolution
		{10263DA9-AD1B-43A3-8783-C3C35A38FEC4} = {4C8E12C1-44D0-4898-8387-0D6BEC2E5F68}
		{4E395A5E-35D4-4F08-BB82-A9CA2C407FF3} = {10263DA9-AD1B-43A3-8783-C3C35A38FEC4}
		{3274548E-DC8A-403A-9A59-D08885222C0A} = {10263DA9-AD1B-43A3-8783-C3C35A38FEC4}
		{AF7DDA7E-FD82-4D89-8C60-60434D3EE051} = {10263DA9-AD1B-43A3-8783-C3C35A38FEC4}
		{BCCB3FC1-D537-4F15-B36A-5B1E0E45A3B3} = {10263DA9-AD1B-43A3-8783-C3C35A38FEC4}
		{1FD5947A-EFF3-4237-9BB6-7EBC0415222D} = {10263DA9-AD1B-43A3-8783-C3C35A38FEC4}
		{21625982-EFEA-4909-BD95-6A2DA6DE330F} = {BCCB3FC1-D537-4F15-B36A-5B1E0E45A3B3}
		{3DE8434B-F56D-4C72-9135-A20BEB0CF343} = {3274548E-DC8A-403A-9A59-D08885222C0A}
		{B89CC619-72BD-45B5-A0E6-C2693B6414F8} = {4E395A5E-35D4-4F08-BB82-A9CA2C407FF3}
		{96D5CC52-FA4A-4C4F-9A5B-8D99E3852174} = {AF7DDA7E-FD82-4D89-8C60-60434D3EE051}
		{AE60A26C-8A96-45A8-A59C-F7F478C3F16B} = {1FD5947A-EFF3-4237-9BB6-7EBC0415222D}
		{90A70932-AD5A-4307-8591-C49D8978174D} = {BCCB3FC1-D537-4F15-B36A-5B1E0E45A3B3}
		{B9D45E35-2FAF-4FDF-846B-5E3905660A1C} = {3274548E-DC8A-403A-9A59-D08885222C0A}
		{A459E927-B104-4E79-AFD3-B8728E1A70D0} = {3274548E-DC8A-403A-9A59-D08885222C0A}
		{333B8000-ED2D-44DC-A0F7-0C236A1EBF95} = {3274548E-DC8A-403A-9A59-D08885222C0A}
		{17EE942B-C947-4801-BDFB-6EB178510362} = {4E395A5E-35D4-4F08-BB82-A9CA2C407FF3}
		{DED7AE4A-E2EC-4B68-997F-B5C55780964A} = {AF7DDA7E-FD82-4D89-8C60-60434D3EE051}
		{7F5E617F-8BF1-4566-AE25-3E40236CE2B0} = {1FD5947A-EFF3-4237-9BB6-7EBC0415222D}
		{7C98B062-EE61-4531-B824-4CA75CD5A20E} = {4C8E12C1-44D0-4898-8387-0D6BEC2E5F68}
		{6CFB4204-8099-4EEE-9A54-281C1E57DDFD} = {7C98B062-EE61-4531-B824-4CA75CD5A20E}
		{30256D50-79D7-4419-BD9D-303BDC6DF52F} = {7C98B062-EE61-4531-B824-4CA75CD5A20E}
	EndGlobalSection
EndGlobal
